// !$*UTF8*$!
{
	archiveVersion = 1;
	classes = {
	};
	objectVersion = 56;
	objects = {

/* Begin PBXBuildFile section */
		600D4F3B2BD7F0B0004CD12B /* CreateFormView.swift in Sources */ = {isa = PBXBuildFile; fileRef = 600D4F3A2BD7F0B0004CD12B /* CreateFormView.swift */; };
		600D4F3E2BD8F324004CD12B /* CreateFormComponent.swift in Sources */ = {isa = PBXBuildFile; fileRef = 600D4F3D2BD8F324004CD12B /* CreateFormComponent.swift */; };
		600D4F402BD8F347004CD12B /* Violation.swift in Sources */ = {isa = PBXBuildFile; fileRef = 600D4F3F2BD8F347004CD12B /* Violation.swift */; };
		604D1A5F2BCFACBE00630CFC /* Coordinator.swift in Sources */ = {isa = PBXBuildFile; fileRef = 604D1A5E2BCFACBE00630CFC /* Coordinator.swift */; };
		604D1A612BCFAD4300630CFC /* AppCoordinator.swift in Sources */ = {isa = PBXBuildFile; fileRef = 604D1A602BCFAD4300630CFC /* AppCoordinator.swift */; };
		604D1A642BCFB27400630CFC /* ProfileCoordinator.swift in Sources */ = {isa = PBXBuildFile; fileRef = 604D1A632BCFB27400630CFC /* ProfileCoordinator.swift */; };
		604D1A672BCFBCD800630CFC /* ProfileCoordinatorInterface.swift in Sources */ = {isa = PBXBuildFile; fileRef = 604D1A662BCFBCD800630CFC /* ProfileCoordinatorInterface.swift */; };
		60714C662BD27414008D8040 /* MainViewController.swift in Sources */ = {isa = PBXBuildFile; fileRef = 60714C652BD27414008D8040 /* MainViewController.swift */; };
		60714C6B2BD2745F008D8040 /* MainCoordinatorInterface.swift in Sources */ = {isa = PBXBuildFile; fileRef = 60714C6A2BD2745F008D8040 /* MainCoordinatorInterface.swift */; };
		60714C6E2BD27606008D8040 /* MainCoordinator.swift in Sources */ = {isa = PBXBuildFile; fileRef = 60714C6D2BD27606008D8040 /* MainCoordinator.swift */; };
		6089FE0F2BCCC13F00E42E71 /* AppDelegate.swift in Sources */ = {isa = PBXBuildFile; fileRef = 6089FE0E2BCCC13F00E42E71 /* AppDelegate.swift */; };
		6089FE112BCCC13F00E42E71 /* SceneDelegate.swift in Sources */ = {isa = PBXBuildFile; fileRef = 6089FE102BCCC13F00E42E71 /* SceneDelegate.swift */; };
		6089FE182BCCC14000E42E71 /* Assets.xcassets in Resources */ = {isa = PBXBuildFile; fileRef = 6089FE172BCCC14000E42E71 /* Assets.xcassets */; };
		6089FE1B2BCCC14000E42E71 /* LaunchScreen.storyboard in Resources */ = {isa = PBXBuildFile; fileRef = 6089FE192BCCC14000E42E71 /* LaunchScreen.storyboard */; };
		6089FE252BCCC20800E42E71 /* BaseViewController.swift in Sources */ = {isa = PBXBuildFile; fileRef = 6089FE242BCCC20800E42E71 /* BaseViewController.swift */; };
		6089FE282BCCD24500E42E71 /* ReactorKit in Frameworks */ = {isa = PBXBuildFile; productRef = 6089FE272BCCD24500E42E71 /* ReactorKit */; };
		6089FE2B2BCCD42700E42E71 /* SnapKit in Frameworks */ = {isa = PBXBuildFile; productRef = 6089FE2A2BCCD42700E42E71 /* SnapKit */; };
		6089FE362BCCE69B00E42E71 /* ProfileNameCreationViewController.swift in Sources */ = {isa = PBXBuildFile; fileRef = 6089FE352BCCE69B00E42E71 /* ProfileNameCreationViewController.swift */; };
		608C95752BCD06C000B334EF /* RxCocoa in Frameworks */ = {isa = PBXBuildFile; productRef = 608C95742BCD06C000B334EF /* RxCocoa */; };
		608C95772BCD06C000B334EF /* RxRelay in Frameworks */ = {isa = PBXBuildFile; productRef = 608C95762BCD06C000B334EF /* RxRelay */; };
		608C95792BCD06C000B334EF /* RxSwift in Frameworks */ = {isa = PBXBuildFile; productRef = 608C95782BCD06C000B334EF /* RxSwift */; };
		608C957B2BCD0E4A00B334EF /* ProfileNameCreationReactor.swift in Sources */ = {isa = PBXBuildFile; fileRef = 608C957A2BCD0E4A00B334EF /* ProfileNameCreationReactor.swift */; };
		60BBAC872BCD600C00F8DA5B /* ProfilePhoneNumberCreationViewController.swift in Sources */ = {isa = PBXBuildFile; fileRef = 60BBAC862BCD600C00F8DA5B /* ProfilePhoneNumberCreationViewController.swift */; };
		60BBAC892BCD604300F8DA5B /* ProfileCompleteViewController.swift in Sources */ = {isa = PBXBuildFile; fileRef = 60BBAC882BCD604300F8DA5B /* ProfileCompleteViewController.swift */; };
		60BBAC8B2BCD606800F8DA5B /* ProfilePhoneNumberCreationReactor.swift in Sources */ = {isa = PBXBuildFile; fileRef = 60BBAC8A2BCD606800F8DA5B /* ProfilePhoneNumberCreationReactor.swift */; };
		60BBAC8D2BCD608F00F8DA5B /* ProfileCompleteReactor.swift in Sources */ = {isa = PBXBuildFile; fileRef = 60BBAC8C2BCD608F00F8DA5B /* ProfileCompleteReactor.swift */; };
		60FF96CF2BD545AE003DCD7C /* CreateFormViewController.swift in Sources */ = {isa = PBXBuildFile; fileRef = 60FF96CE2BD545AE003DCD7C /* CreateFormViewController.swift */; };
		60FF96D12BD545B4003DCD7C /* CreateFormReactor.swift in Sources */ = {isa = PBXBuildFile; fileRef = 60FF96D02BD545B4003DCD7C /* CreateFormReactor.swift */; };
		60FF96D52BD5474E003DCD7C /* CreateFormCoordinator.swift in Sources */ = {isa = PBXBuildFile; fileRef = 60FF96D42BD5474E003DCD7C /* CreateFormCoordinator.swift */; };
		60FF96D82BD547D6003DCD7C /* CreateFormCoordinatorInterface.swift in Sources */ = {isa = PBXBuildFile; fileRef = 60FF96D72BD547D6003DCD7C /* CreateFormCoordinatorInterface.swift */; };
		60FF96DA2BD55F0E003DCD7C /* ViolationTypeCell.swift in Sources */ = {isa = PBXBuildFile; fileRef = 60FF96D92BD55F0E003DCD7C /* ViolationTypeCell.swift */; };
/* End PBXBuildFile section */

/* Begin PBXFileReference section */
		600D4F3A2BD7F0B0004CD12B /* CreateFormView.swift */ = {isa = PBXFileReference; lastKnownFileType = sourcecode.swift; path = CreateFormView.swift; sourceTree = "<group>"; };
		600D4F3D2BD8F324004CD12B /* CreateFormComponent.swift */ = {isa = PBXFileReference; lastKnownFileType = sourcecode.swift; path = CreateFormComponent.swift; sourceTree = "<group>"; };
		600D4F3F2BD8F347004CD12B /* Violation.swift */ = {isa = PBXFileReference; lastKnownFileType = sourcecode.swift; path = Violation.swift; sourceTree = "<group>"; };
		604D1A5E2BCFACBE00630CFC /* Coordinator.swift */ = {isa = PBXFileReference; lastKnownFileType = sourcecode.swift; path = Coordinator.swift; sourceTree = "<group>"; };
		604D1A602BCFAD4300630CFC /* AppCoordinator.swift */ = {isa = PBXFileReference; lastKnownFileType = sourcecode.swift; path = AppCoordinator.swift; sourceTree = "<group>"; };
		604D1A632BCFB27400630CFC /* ProfileCoordinator.swift */ = {isa = PBXFileReference; lastKnownFileType = sourcecode.swift; path = ProfileCoordinator.swift; sourceTree = "<group>"; };
		604D1A662BCFBCD800630CFC /* ProfileCoordinatorInterface.swift */ = {isa = PBXFileReference; lastKnownFileType = sourcecode.swift; path = ProfileCoordinatorInterface.swift; sourceTree = "<group>"; };
		60714C652BD27414008D8040 /* MainViewController.swift */ = {isa = PBXFileReference; lastKnownFileType = sourcecode.swift; path = MainViewController.swift; sourceTree = "<group>"; };
		60714C6A2BD2745F008D8040 /* MainCoordinatorInterface.swift */ = {isa = PBXFileReference; lastKnownFileType = sourcecode.swift; path = MainCoordinatorInterface.swift; sourceTree = "<group>"; };
		60714C6D2BD27606008D8040 /* MainCoordinator.swift */ = {isa = PBXFileReference; lastKnownFileType = sourcecode.swift; path = MainCoordinator.swift; sourceTree = "<group>"; };
		6089FE0B2BCCC13F00E42E71 /* Minsaeng.app */ = {isa = PBXFileReference; explicitFileType = wrapper.application; includeInIndex = 0; path = Minsaeng.app; sourceTree = BUILT_PRODUCTS_DIR; };
		6089FE0E2BCCC13F00E42E71 /* AppDelegate.swift */ = {isa = PBXFileReference; lastKnownFileType = sourcecode.swift; path = AppDelegate.swift; sourceTree = "<group>"; };
		6089FE102BCCC13F00E42E71 /* SceneDelegate.swift */ = {isa = PBXFileReference; lastKnownFileType = sourcecode.swift; path = SceneDelegate.swift; sourceTree = "<group>"; };
		6089FE172BCCC14000E42E71 /* Assets.xcassets */ = {isa = PBXFileReference; lastKnownFileType = folder.assetcatalog; path = Assets.xcassets; sourceTree = "<group>"; };
		6089FE1A2BCCC14000E42E71 /* Base */ = {isa = PBXFileReference; lastKnownFileType = file.storyboard; name = Base; path = Base.lproj/LaunchScreen.storyboard; sourceTree = "<group>"; };
		6089FE1C2BCCC14000E42E71 /* Info.plist */ = {isa = PBXFileReference; lastKnownFileType = text.plist.xml; path = Info.plist; sourceTree = "<group>"; };
		6089FE242BCCC20800E42E71 /* BaseViewController.swift */ = {isa = PBXFileReference; lastKnownFileType = sourcecode.swift; path = BaseViewController.swift; sourceTree = "<group>"; };
		6089FE352BCCE69B00E42E71 /* ProfileNameCreationViewController.swift */ = {isa = PBXFileReference; lastKnownFileType = sourcecode.swift; path = ProfileNameCreationViewController.swift; sourceTree = "<group>"; };
		608C957A2BCD0E4A00B334EF /* ProfileNameCreationReactor.swift */ = {isa = PBXFileReference; lastKnownFileType = sourcecode.swift; path = ProfileNameCreationReactor.swift; sourceTree = "<group>"; };
		60BBAC862BCD600C00F8DA5B /* ProfilePhoneNumberCreationViewController.swift */ = {isa = PBXFileReference; lastKnownFileType = sourcecode.swift; path = ProfilePhoneNumberCreationViewController.swift; sourceTree = "<group>"; };
		60BBAC882BCD604300F8DA5B /* ProfileCompleteViewController.swift */ = {isa = PBXFileReference; lastKnownFileType = sourcecode.swift; path = ProfileCompleteViewController.swift; sourceTree = "<group>"; };
		60BBAC8A2BCD606800F8DA5B /* ProfilePhoneNumberCreationReactor.swift */ = {isa = PBXFileReference; lastKnownFileType = sourcecode.swift; path = ProfilePhoneNumberCreationReactor.swift; sourceTree = "<group>"; };
		60BBAC8C2BCD608F00F8DA5B /* ProfileCompleteReactor.swift */ = {isa = PBXFileReference; lastKnownFileType = sourcecode.swift; path = ProfileCompleteReactor.swift; sourceTree = "<group>"; };
		60FF96CE2BD545AE003DCD7C /* CreateFormViewController.swift */ = {isa = PBXFileReference; lastKnownFileType = sourcecode.swift; path = CreateFormViewController.swift; sourceTree = "<group>"; };
		60FF96D02BD545B4003DCD7C /* CreateFormReactor.swift */ = {isa = PBXFileReference; lastKnownFileType = sourcecode.swift; path = CreateFormReactor.swift; sourceTree = "<group>"; };
		60FF96D42BD5474E003DCD7C /* CreateFormCoordinator.swift */ = {isa = PBXFileReference; lastKnownFileType = sourcecode.swift; path = CreateFormCoordinator.swift; sourceTree = "<group>"; };
		60FF96D72BD547D6003DCD7C /* CreateFormCoordinatorInterface.swift */ = {isa = PBXFileReference; lastKnownFileType = sourcecode.swift; path = CreateFormCoordinatorInterface.swift; sourceTree = "<group>"; };
		60FF96D92BD55F0E003DCD7C /* ViolationTypeCell.swift */ = {isa = PBXFileReference; lastKnownFileType = sourcecode.swift; path = ViolationTypeCell.swift; sourceTree = "<group>"; };
/* End PBXFileReference section */

/* Begin PBXFrameworksBuildPhase section */
		6089FE082BCCC13F00E42E71 /* Frameworks */ = {
			isa = PBXFrameworksBuildPhase;
			buildActionMask = 2147483647;
			files = (
				608C95752BCD06C000B334EF /* RxCocoa in Frameworks */,
				6089FE282BCCD24500E42E71 /* ReactorKit in Frameworks */,
				608C95792BCD06C000B334EF /* RxSwift in Frameworks */,
				608C95772BCD06C000B334EF /* RxRelay in Frameworks */,
				6089FE2B2BCCD42700E42E71 /* SnapKit in Frameworks */,
			);
			runOnlyForDeploymentPostprocessing = 0;
		};
/* End PBXFrameworksBuildPhase section */

/* Begin PBXGroup section */
		600D4F3C2BD8F315004CD12B /* Entity */ = {
			isa = PBXGroup;
			children = (
				600D4F3D2BD8F324004CD12B /* CreateFormComponent.swift */,
				600D4F3F2BD8F347004CD12B /* Violation.swift */,
			);
			path = Entity;
			sourceTree = "<group>";
		};
		604D1A5D2BCFACB600630CFC /* Coordinator */ = {
			isa = PBXGroup;
			children = (
				604D1A5E2BCFACBE00630CFC /* Coordinator.swift */,
				604D1A602BCFAD4300630CFC /* AppCoordinator.swift */,
				60FF96D32BD54727003DCD7C /* CreateFormCoordinator */,
				60714C6C2BD275FF008D8040 /* Main */,
				604D1A622BCFB26600630CFC /* Profile */,
			);
			path = Coordinator;
			sourceTree = "<group>";
		};
		604D1A622BCFB26600630CFC /* Profile */ = {
			isa = PBXGroup;
			children = (
				604D1A632BCFB27400630CFC /* ProfileCoordinator.swift */,
			);
			path = Profile;
			sourceTree = "<group>";
		};
		604D1A652BCFBCC000630CFC /* CoordinatorInterface */ = {
			isa = PBXGroup;
			children = (
				604D1A662BCFBCD800630CFC /* ProfileCoordinatorInterface.swift */,
			);
			path = CoordinatorInterface;
			sourceTree = "<group>";
		};
		60714C642BD272EF008D8040 /* Main */ = {
			isa = PBXGroup;
			children = (
				60714C692BD27448008D8040 /* CoordinatorInterface */,
				60714C652BD27414008D8040 /* MainViewController.swift */,
			);
			path = Main;
			sourceTree = "<group>";
		};
		60714C692BD27448008D8040 /* CoordinatorInterface */ = {
			isa = PBXGroup;
			children = (
				60714C6A2BD2745F008D8040 /* MainCoordinatorInterface.swift */,
			);
			path = CoordinatorInterface;
			sourceTree = "<group>";
		};
		60714C6C2BD275FF008D8040 /* Main */ = {
			isa = PBXGroup;
			children = (
				60714C6D2BD27606008D8040 /* MainCoordinator.swift */,
			);
			path = Main;
			sourceTree = "<group>";
		};
		6089FE022BCCC13F00E42E71 = {
			isa = PBXGroup;
			children = (
				6089FE0D2BCCC13F00E42E71 /* Minsaeng */,
				6089FE0C2BCCC13F00E42E71 /* Products */,
			);
			sourceTree = "<group>";
		};
		6089FE0C2BCCC13F00E42E71 /* Products */ = {
			isa = PBXGroup;
			children = (
				6089FE0B2BCCC13F00E42E71 /* Minsaeng.app */,
			);
			name = Products;
			sourceTree = "<group>";
		};
		6089FE0D2BCCC13F00E42E71 /* Minsaeng */ = {
			isa = PBXGroup;
			children = (
				6089FE2C2BCCD51500E42E71 /* Sources */,
				6089FE2D2BCCD53C00E42E71 /* Resources */,
			);
			path = Minsaeng;
			sourceTree = "<group>";
		};
		6089FE2C2BCCD51500E42E71 /* Sources */ = {
			isa = PBXGroup;
			children = (
				6089FE2E2BCCD57700E42E71 /* Application */,
				604D1A5D2BCFACB600630CFC /* Coordinator */,
				6089FE302BCCD5B900E42E71 /* Presentation */,
			);
			path = Sources;
			sourceTree = "<group>";
		};
		6089FE2D2BCCD53C00E42E71 /* Resources */ = {
			isa = PBXGroup;
			children = (
				6089FE172BCCC14000E42E71 /* Assets.xcassets */,
				6089FE192BCCC14000E42E71 /* LaunchScreen.storyboard */,
				6089FE1C2BCCC14000E42E71 /* Info.plist */,
			);
			path = Resources;
			sourceTree = "<group>";
		};
		6089FE2E2BCCD57700E42E71 /* Application */ = {
			isa = PBXGroup;
			children = (
				6089FE0E2BCCC13F00E42E71 /* AppDelegate.swift */,
				6089FE102BCCC13F00E42E71 /* SceneDelegate.swift */,
			);
			path = Application;
			sourceTree = "<group>";
		};
		6089FE302BCCD5B900E42E71 /* Presentation */ = {
			isa = PBXGroup;
			children = (
				60FF96CD2BD54591003DCD7C /* CreateForm */,
				60714C642BD272EF008D8040 /* Main */,
				6089FE342BCCE66700E42E71 /* Profile */,
				6089FE312BCCD5CC00E42E71 /* Base */,
			);
			path = Presentation;
			sourceTree = "<group>";
		};
		6089FE312BCCD5CC00E42E71 /* Base */ = {
			isa = PBXGroup;
			children = (
				6089FE242BCCC20800E42E71 /* BaseViewController.swift */,
			);
			path = Base;
			sourceTree = "<group>";
		};
		6089FE342BCCE66700E42E71 /* Profile */ = {
			isa = PBXGroup;
			children = (
				604D1A652BCFBCC000630CFC /* CoordinatorInterface */,
				60BBAC832BCD5F9B00F8DA5B /* ProfileNameCreation */,
				60BBAC852BCD5FBD00F8DA5B /* ProfilePhoneNumberCreation */,
				60BBAC842BCD5FAC00F8DA5B /* ProfileComplete */,
			);
			path = Profile;
			sourceTree = "<group>";
		};
		60BBAC832BCD5F9B00F8DA5B /* ProfileNameCreation */ = {
			isa = PBXGroup;
			children = (
				6089FE352BCCE69B00E42E71 /* ProfileNameCreationViewController.swift */,
				608C957A2BCD0E4A00B334EF /* ProfileNameCreationReactor.swift */,
			);
			path = ProfileNameCreation;
			sourceTree = "<group>";
		};
		60BBAC842BCD5FAC00F8DA5B /* ProfileComplete */ = {
			isa = PBXGroup;
			children = (
				60BBAC882BCD604300F8DA5B /* ProfileCompleteViewController.swift */,
				60BBAC8C2BCD608F00F8DA5B /* ProfileCompleteReactor.swift */,
			);
			path = ProfileComplete;
			sourceTree = "<group>";
		};
		60BBAC852BCD5FBD00F8DA5B /* ProfilePhoneNumberCreation */ = {
			isa = PBXGroup;
			children = (
				60BBAC862BCD600C00F8DA5B /* ProfilePhoneNumberCreationViewController.swift */,
				60BBAC8A2BCD606800F8DA5B /* ProfilePhoneNumberCreationReactor.swift */,
			);
			path = ProfilePhoneNumberCreation;
			sourceTree = "<group>";
		};
		60FF96CD2BD54591003DCD7C /* CreateForm */ = {
			isa = PBXGroup;
			children = (
				600D4F3C2BD8F315004CD12B /* Entity */,
				60FF96D62BD547B4003DCD7C /* CoordinatorInterface */,
				60FF96CE2BD545AE003DCD7C /* CreateFormViewController.swift */,
				600D4F3A2BD7F0B0004CD12B /* CreateFormView.swift */,
				60FF96D92BD55F0E003DCD7C /* ViolationTypeCell.swift */,
				60FF96D02BD545B4003DCD7C /* CreateFormReactor.swift */,
			);
			path = CreateForm;
			sourceTree = "<group>";
		};
		60FF96D32BD54727003DCD7C /* CreateFormCoordinator */ = {
			isa = PBXGroup;
			children = (
				60FF96D42BD5474E003DCD7C /* CreateFormCoordinator.swift */,
			);
			path = CreateFormCoordinator;
			sourceTree = "<group>";
		};
		60FF96D62BD547B4003DCD7C /* CoordinatorInterface */ = {
			isa = PBXGroup;
			children = (
				60FF96D72BD547D6003DCD7C /* CreateFormCoordinatorInterface.swift */,
			);
			path = CoordinatorInterface;
			sourceTree = "<group>";
		};
/* End PBXGroup section */

/* Begin PBXNativeTarget section */
		6089FE0A2BCCC13F00E42E71 /* Minsaeng */ = {
			isa = PBXNativeTarget;
			buildConfigurationList = 6089FE1F2BCCC14000E42E71 /* Build configuration list for PBXNativeTarget "Minsaeng" */;
			buildPhases = (
				6089FE072BCCC13F00E42E71 /* Sources */,
				6089FE082BCCC13F00E42E71 /* Frameworks */,
				6089FE092BCCC13F00E42E71 /* Resources */,
			);
			buildRules = (
			);
			dependencies = (
			);
			name = Minsaeng;
			packageProductDependencies = (
				6089FE272BCCD24500E42E71 /* ReactorKit */,
				6089FE2A2BCCD42700E42E71 /* SnapKit */,
				608C95742BCD06C000B334EF /* RxCocoa */,
				608C95762BCD06C000B334EF /* RxRelay */,
				608C95782BCD06C000B334EF /* RxSwift */,
			);
			productName = Minsaeng;
			productReference = 6089FE0B2BCCC13F00E42E71 /* Minsaeng.app */;
			productType = "com.apple.product-type.application";
		};
/* End PBXNativeTarget section */

/* Begin PBXProject section */
		6089FE032BCCC13F00E42E71 /* Project object */ = {
			isa = PBXProject;
			attributes = {
				BuildIndependentTargetsInParallel = 1;
				LastSwiftUpdateCheck = 1520;
				LastUpgradeCheck = 1520;
				TargetAttributes = {
					6089FE0A2BCCC13F00E42E71 = {
						CreatedOnToolsVersion = 15.2;
					};
				};
			};
			buildConfigurationList = 6089FE062BCCC13F00E42E71 /* Build configuration list for PBXProject "Minsaeng" */;
			compatibilityVersion = "Xcode 14.0";
			developmentRegion = en;
			hasScannedForEncodings = 0;
			knownRegions = (
				en,
				Base,
			);
			mainGroup = 6089FE022BCCC13F00E42E71;
			packageReferences = (
				6089FE262BCCD24500E42E71 /* XCRemoteSwiftPackageReference "ReactorKit" */,
				6089FE292BCCD42700E42E71 /* XCRemoteSwiftPackageReference "SnapKit" */,
				608C95732BCD06C000B334EF /* XCRemoteSwiftPackageReference "RxSwift" */,
			);
			productRefGroup = 6089FE0C2BCCC13F00E42E71 /* Products */;
			projectDirPath = "";
			projectRoot = "";
			targets = (
				6089FE0A2BCCC13F00E42E71 /* Minsaeng */,
			);
		};
/* End PBXProject section */

/* Begin PBXResourcesBuildPhase section */
		6089FE092BCCC13F00E42E71 /* Resources */ = {
			isa = PBXResourcesBuildPhase;
			buildActionMask = 2147483647;
			files = (
				6089FE1B2BCCC14000E42E71 /* LaunchScreen.storyboard in Resources */,
				6089FE182BCCC14000E42E71 /* Assets.xcassets in Resources */,
			);
			runOnlyForDeploymentPostprocessing = 0;
		};
/* End PBXResourcesBuildPhase section */

/* Begin PBXSourcesBuildPhase section */
		6089FE072BCCC13F00E42E71 /* Sources */ = {
			isa = PBXSourcesBuildPhase;
			buildActionMask = 2147483647;
			files = (
				604D1A612BCFAD4300630CFC /* AppCoordinator.swift in Sources */,
				60FF96CF2BD545AE003DCD7C /* CreateFormViewController.swift in Sources */,
				608C957B2BCD0E4A00B334EF /* ProfileNameCreationReactor.swift in Sources */,
				6089FE252BCCC20800E42E71 /* BaseViewController.swift in Sources */,
				60FF96D12BD545B4003DCD7C /* CreateFormReactor.swift in Sources */,
				60714C6B2BD2745F008D8040 /* MainCoordinatorInterface.swift in Sources */,
				604D1A5F2BCFACBE00630CFC /* Coordinator.swift in Sources */,
				604D1A642BCFB27400630CFC /* ProfileCoordinator.swift in Sources */,
				600D4F3B2BD7F0B0004CD12B /* CreateFormView.swift in Sources */,
				600D4F3E2BD8F324004CD12B /* CreateFormComponent.swift in Sources */,
				60FF96D82BD547D6003DCD7C /* CreateFormCoordinatorInterface.swift in Sources */,
				6089FE0F2BCCC13F00E42E71 /* AppDelegate.swift in Sources */,
				60BBAC8B2BCD606800F8DA5B /* ProfilePhoneNumberCreationReactor.swift in Sources */,
				60714C662BD27414008D8040 /* MainViewController.swift in Sources */,
				60714C6E2BD27606008D8040 /* MainCoordinator.swift in Sources */,
				60BBAC8D2BCD608F00F8DA5B /* ProfileCompleteReactor.swift in Sources */,
				60BBAC892BCD604300F8DA5B /* ProfileCompleteViewController.swift in Sources */,
				604D1A672BCFBCD800630CFC /* ProfileCoordinatorInterface.swift in Sources */,
				60FF96D52BD5474E003DCD7C /* CreateFormCoordinator.swift in Sources */,
				60BBAC872BCD600C00F8DA5B /* ProfilePhoneNumberCreationViewController.swift in Sources */,
				60FF96DA2BD55F0E003DCD7C /* ViolationTypeCell.swift in Sources */,
				6089FE112BCCC13F00E42E71 /* SceneDelegate.swift in Sources */,
				6089FE362BCCE69B00E42E71 /* ProfileNameCreationViewController.swift in Sources */,
				600D4F402BD8F347004CD12B /* Violation.swift in Sources */,
			);
			runOnlyForDeploymentPostprocessing = 0;
		};
/* End PBXSourcesBuildPhase section */

/* Begin PBXVariantGroup section */
		6089FE192BCCC14000E42E71 /* LaunchScreen.storyboard */ = {
			isa = PBXVariantGroup;
			children = (
				6089FE1A2BCCC14000E42E71 /* Base */,
			);
			name = LaunchScreen.storyboard;
			sourceTree = "<group>";
		};
/* End PBXVariantGroup section */

/* Begin XCBuildConfiguration section */
		6089FE1D2BCCC14000E42E71 /* Debug */ = {
			isa = XCBuildConfiguration;
			buildSettings = {
				ALWAYS_SEARCH_USER_PATHS = NO;
				ASSETCATALOG_COMPILER_GENERATE_SWIFT_ASSET_SYMBOL_EXTENSIONS = YES;
				CLANG_ANALYZER_NONNULL = YES;
				CLANG_ANALYZER_NUMBER_OBJECT_CONVERSION = YES_AGGRESSIVE;
				CLANG_CXX_LANGUAGE_STANDARD = "gnu++20";
				CLANG_ENABLE_MODULES = YES;
				CLANG_ENABLE_OBJC_ARC = YES;
				CLANG_ENABLE_OBJC_WEAK = YES;
				CLANG_WARN_BLOCK_CAPTURE_AUTORELEASING = YES;
				CLANG_WARN_BOOL_CONVERSION = YES;
				CLANG_WARN_COMMA = YES;
				CLANG_WARN_CONSTANT_CONVERSION = YES;
				CLANG_WARN_DEPRECATED_OBJC_IMPLEMENTATIONS = YES;
				CLANG_WARN_DIRECT_OBJC_ISA_USAGE = YES_ERROR;
				CLANG_WARN_DOCUMENTATION_COMMENTS = YES;
				CLANG_WARN_EMPTY_BODY = YES;
				CLANG_WARN_ENUM_CONVERSION = YES;
				CLANG_WARN_INFINITE_RECURSION = YES;
				CLANG_WARN_INT_CONVERSION = YES;
				CLANG_WARN_NON_LITERAL_NULL_CONVERSION = YES;
				CLANG_WARN_OBJC_IMPLICIT_RETAIN_SELF = YES;
				CLANG_WARN_OBJC_LITERAL_CONVERSION = YES;
				CLANG_WARN_OBJC_ROOT_CLASS = YES_ERROR;
				CLANG_WARN_QUOTED_INCLUDE_IN_FRAMEWORK_HEADER = YES;
				CLANG_WARN_RANGE_LOOP_ANALYSIS = YES;
				CLANG_WARN_STRICT_PROTOTYPES = YES;
				CLANG_WARN_SUSPICIOUS_MOVE = YES;
				CLANG_WARN_UNGUARDED_AVAILABILITY = YES_AGGRESSIVE;
				CLANG_WARN_UNREACHABLE_CODE = YES;
				CLANG_WARN__DUPLICATE_METHOD_MATCH = YES;
				COPY_PHASE_STRIP = NO;
				DEBUG_INFORMATION_FORMAT = dwarf;
				ENABLE_STRICT_OBJC_MSGSEND = YES;
				ENABLE_TESTABILITY = YES;
				ENABLE_USER_SCRIPT_SANDBOXING = YES;
				GCC_C_LANGUAGE_STANDARD = gnu17;
				GCC_DYNAMIC_NO_PIC = NO;
				GCC_NO_COMMON_BLOCKS = YES;
				GCC_OPTIMIZATION_LEVEL = 0;
				GCC_PREPROCESSOR_DEFINITIONS = (
					"DEBUG=1",
					"$(inherited)",
				);
				GCC_WARN_64_TO_32_BIT_CONVERSION = YES;
				GCC_WARN_ABOUT_RETURN_TYPE = YES_ERROR;
				GCC_WARN_UNDECLARED_SELECTOR = YES;
				GCC_WARN_UNINITIALIZED_AUTOS = YES_AGGRESSIVE;
				GCC_WARN_UNUSED_FUNCTION = YES;
				GCC_WARN_UNUSED_VARIABLE = YES;
				IPHONEOS_DEPLOYMENT_TARGET = 17.2;
				LOCALIZATION_PREFERS_STRING_CATALOGS = YES;
				MTL_ENABLE_DEBUG_INFO = INCLUDE_SOURCE;
				MTL_FAST_MATH = YES;
				ONLY_ACTIVE_ARCH = YES;
				SDKROOT = iphoneos;
				SWIFT_ACTIVE_COMPILATION_CONDITIONS = "DEBUG $(inherited)";
				SWIFT_OPTIMIZATION_LEVEL = "-Onone";
			};
			name = Debug;
		};
		6089FE1E2BCCC14000E42E71 /* Release */ = {
			isa = XCBuildConfiguration;
			buildSettings = {
				ALWAYS_SEARCH_USER_PATHS = NO;
				ASSETCATALOG_COMPILER_GENERATE_SWIFT_ASSET_SYMBOL_EXTENSIONS = YES;
				CLANG_ANALYZER_NONNULL = YES;
				CLANG_ANALYZER_NUMBER_OBJECT_CONVERSION = YES_AGGRESSIVE;
				CLANG_CXX_LANGUAGE_STANDARD = "gnu++20";
				CLANG_ENABLE_MODULES = YES;
				CLANG_ENABLE_OBJC_ARC = YES;
				CLANG_ENABLE_OBJC_WEAK = YES;
				CLANG_WARN_BLOCK_CAPTURE_AUTORELEASING = YES;
				CLANG_WARN_BOOL_CONVERSION = YES;
				CLANG_WARN_COMMA = YES;
				CLANG_WARN_CONSTANT_CONVERSION = YES;
				CLANG_WARN_DEPRECATED_OBJC_IMPLEMENTATIONS = YES;
				CLANG_WARN_DIRECT_OBJC_ISA_USAGE = YES_ERROR;
				CLANG_WARN_DOCUMENTATION_COMMENTS = YES;
				CLANG_WARN_EMPTY_BODY = YES;
				CLANG_WARN_ENUM_CONVERSION = YES;
				CLANG_WARN_INFINITE_RECURSION = YES;
				CLANG_WARN_INT_CONVERSION = YES;
				CLANG_WARN_NON_LITERAL_NULL_CONVERSION = YES;
				CLANG_WARN_OBJC_IMPLICIT_RETAIN_SELF = YES;
				CLANG_WARN_OBJC_LITERAL_CONVERSION = YES;
				CLANG_WARN_OBJC_ROOT_CLASS = YES_ERROR;
				CLANG_WARN_QUOTED_INCLUDE_IN_FRAMEWORK_HEADER = YES;
				CLANG_WARN_RANGE_LOOP_ANALYSIS = YES;
				CLANG_WARN_STRICT_PROTOTYPES = YES;
				CLANG_WARN_SUSPICIOUS_MOVE = YES;
				CLANG_WARN_UNGUARDED_AVAILABILITY = YES_AGGRESSIVE;
				CLANG_WARN_UNREACHABLE_CODE = YES;
				CLANG_WARN__DUPLICATE_METHOD_MATCH = YES;
				COPY_PHASE_STRIP = NO;
				DEBUG_INFORMATION_FORMAT = "dwarf-with-dsym";
				ENABLE_NS_ASSERTIONS = NO;
				ENABLE_STRICT_OBJC_MSGSEND = YES;
				ENABLE_USER_SCRIPT_SANDBOXING = YES;
				GCC_C_LANGUAGE_STANDARD = gnu17;
				GCC_NO_COMMON_BLOCKS = YES;
				GCC_WARN_64_TO_32_BIT_CONVERSION = YES;
				GCC_WARN_ABOUT_RETURN_TYPE = YES_ERROR;
				GCC_WARN_UNDECLARED_SELECTOR = YES;
				GCC_WARN_UNINITIALIZED_AUTOS = YES_AGGRESSIVE;
				GCC_WARN_UNUSED_FUNCTION = YES;
				GCC_WARN_UNUSED_VARIABLE = YES;
				IPHONEOS_DEPLOYMENT_TARGET = 17.2;
				LOCALIZATION_PREFERS_STRING_CATALOGS = YES;
				MTL_ENABLE_DEBUG_INFO = NO;
				MTL_FAST_MATH = YES;
				SDKROOT = iphoneos;
				SWIFT_COMPILATION_MODE = wholemodule;
				VALIDATE_PRODUCT = YES;
			};
			name = Release;
		};
		6089FE202BCCC14000E42E71 /* Debug */ = {
			isa = XCBuildConfiguration;
			buildSettings = {
				ASSETCATALOG_COMPILER_APPICON_NAME = AppIcon;
				ASSETCATALOG_COMPILER_GLOBAL_ACCENT_COLOR_NAME = AccentColor;
				CODE_SIGN_STYLE = Automatic;
				CURRENT_PROJECT_VERSION = 1;
				DEVELOPMENT_TEAM = 3NP4Z3WZ94;
				GENERATE_INFOPLIST_FILE = YES;
				INFOPLIST_FILE = Minsaeng/Resources/Info.plist;
				INFOPLIST_KEY_UIApplicationSupportsIndirectInputEvents = YES;
				INFOPLIST_KEY_UILaunchStoryboardName = LaunchScreen;
				INFOPLIST_KEY_UISupportedInterfaceOrientations_iPad = "UIInterfaceOrientationPortrait UIInterfaceOrientationPortraitUpsideDown UIInterfaceOrientationLandscapeLeft UIInterfaceOrientationLandscapeRight";
				INFOPLIST_KEY_UISupportedInterfaceOrientations_iPhone = "UIInterfaceOrientationPortrait UIInterfaceOrientationLandscapeLeft UIInterfaceOrientationLandscapeRight";
				LD_RUNPATH_SEARCH_PATHS = (
					"$(inherited)",
					"@executable_path/Frameworks",
				);
				MARKETING_VERSION = 1.0;
				PRODUCT_BUNDLE_IDENTIFIER = com.seuhong.Minsaeng;
				PRODUCT_NAME = "$(TARGET_NAME)";
				SWIFT_EMIT_LOC_STRINGS = YES;
				SWIFT_VERSION = 5.0;
				TARGETED_DEVICE_FAMILY = "1,2";
			};
			name = Debug;
		};
		6089FE212BCCC14000E42E71 /* Release */ = {
			isa = XCBuildConfiguration;
			buildSettings = {
				ASSETCATALOG_COMPILER_APPICON_NAME = AppIcon;
				ASSETCATALOG_COMPILER_GLOBAL_ACCENT_COLOR_NAME = AccentColor;
				CODE_SIGN_STYLE = Automatic;
				CURRENT_PROJECT_VERSION = 1;
				DEVELOPMENT_TEAM = 3NP4Z3WZ94;
				GENERATE_INFOPLIST_FILE = YES;
				INFOPLIST_FILE = Minsaeng/Resources/Info.plist;
				INFOPLIST_KEY_UIApplicationSupportsIndirectInputEvents = YES;
				INFOPLIST_KEY_UILaunchStoryboardName = LaunchScreen;
				INFOPLIST_KEY_UISupportedInterfaceOrientations_iPad = "UIInterfaceOrientationPortrait UIInterfaceOrientationPortraitUpsideDown UIInterfaceOrientationLandscapeLeft UIInterfaceOrientationLandscapeRight";
				INFOPLIST_KEY_UISupportedInterfaceOrientations_iPhone = "UIInterfaceOrientationPortrait UIInterfaceOrientationLandscapeLeft UIInterfaceOrientationLandscapeRight";
				LD_RUNPATH_SEARCH_PATHS = (
					"$(inherited)",
					"@executable_path/Frameworks",
				);
				MARKETING_VERSION = 1.0;
				PRODUCT_BUNDLE_IDENTIFIER = com.seuhong.Minsaeng;
				PRODUCT_NAME = "$(TARGET_NAME)";
				SWIFT_EMIT_LOC_STRINGS = YES;
				SWIFT_VERSION = 5.0;
				TARGETED_DEVICE_FAMILY = "1,2";
			};
			name = Release;
		};
/* End XCBuildConfiguration section */

/* Begin XCConfigurationList section */
		6089FE062BCCC13F00E42E71 /* Build configuration list for PBXProject "Minsaeng" */ = {
			isa = XCConfigurationList;
			buildConfigurations = (
				6089FE1D2BCCC14000E42E71 /* Debug */,
				6089FE1E2BCCC14000E42E71 /* Release */,
			);
			defaultConfigurationIsVisible = 0;
			defaultConfigurationName = Release;
		};
		6089FE1F2BCCC14000E42E71 /* Build configuration list for PBXNativeTarget "Minsaeng" */ = {
			isa = XCConfigurationList;
			buildConfigurations = (
				6089FE202BCCC14000E42E71 /* Debug */,
				6089FE212BCCC14000E42E71 /* Release */,
			);
			defaultConfigurationIsVisible = 0;
			defaultConfigurationName = Release;
		};
/* End XCConfigurationList section */

/* Begin XCRemoteSwiftPackageReference section */
		6089FE262BCCD24500E42E71 /* XCRemoteSwiftPackageReference "ReactorKit" */ = {
			isa = XCRemoteSwiftPackageReference;
			repositoryURL = "https://github.com/ReactorKit/ReactorKit";
			requirement = {
				kind = upToNextMajorVersion;
				minimumVersion = 3.2.0;
			};
		};
		6089FE292BCCD42700E42E71 /* XCRemoteSwiftPackageReference "SnapKit" */ = {
			isa = XCRemoteSwiftPackageReference;
			repositoryURL = "https://github.com/SnapKit/SnapKit";
			requirement = {
				kind = upToNextMajorVersion;
				minimumVersion = 5.7.1;
			};
		};
		608C95732BCD06C000B334EF /* XCRemoteSwiftPackageReference "RxSwift" */ = {
			isa = XCRemoteSwiftPackageReference;
			repositoryURL = "https://github.com/ReactiveX/RxSwift";
			requirement = {
				kind = upToNextMajorVersion;
				minimumVersion = 6.6.0;
			};
		};
/* End XCRemoteSwiftPackageReference section */

/* Begin XCSwiftPackageProductDependency section */
		6089FE272BCCD24500E42E71 /* ReactorKit */ = {
			isa = XCSwiftPackageProductDependency;
			package = 6089FE262BCCD24500E42E71 /* XCRemoteSwiftPackageReference "ReactorKit" */;
			productName = ReactorKit;
		};
		6089FE2A2BCCD42700E42E71 /* SnapKit */ = {
			isa = XCSwiftPackageProductDependency;
			package = 6089FE292BCCD42700E42E71 /* XCRemoteSwiftPackageReference "SnapKit" */;
			productName = SnapKit;
		};
		608C95742BCD06C000B334EF /* RxCocoa */ = {
			isa = XCSwiftPackageProductDependency;
			package = 608C95732BCD06C000B334EF /* XCRemoteSwiftPackageReference "RxSwift" */;
			productName = RxCocoa;
		};
		608C95762BCD06C000B334EF /* RxRelay */ = {
			isa = XCSwiftPackageProductDependency;
			package = 608C95732BCD06C000B334EF /* XCRemoteSwiftPackageReference "RxSwift" */;
			productName = RxRelay;
		};
		608C95782BCD06C000B334EF /* RxSwift */ = {
			isa = XCSwiftPackageProductDependency;
			package = 608C95732BCD06C000B334EF /* XCRemoteSwiftPackageReference "RxSwift" */;
			productName = RxSwift;
		};
/* End XCSwiftPackageProductDependency section */
	};
	rootObject = 6089FE032BCCC13F00E42E71 /* Project object */;
}
